
Microsoft Visual Studio Solution File, Format Version 12.00
Project("{FAE04EC0-301F-11D3-BF4B-00C04F79EFBC}") = "bilet_29", "bilet_29\bilet_29.csproj", "{2BB93469-A6C6-4967-82E1-9F17A010554B}"
EndProject
Global
	GlobalSection(SolutionConfigurationPlatforms) = preSolution
		Debug|Any CPU = Debug|Any CPU
		Release|Any CPU = Release|Any CPU
	EndGlobalSection
	GlobalSection(ProjectConfigurationPlatforms) = postSolution
		{2BB93469-A6C6-4967-82E1-9F17A010554B}.Debug|Any CPU.ActiveCfg = Debug|Any CPU
		{2BB93469-A6C6-4967-82E1-9F17A010554B}.Debug|Any CPU.Build.0 = Debug|Any CPU
		{2BB93469-A6C6-4967-82E1-9F17A010554B}.Release|Any CPU.ActiveCfg = Release|Any CPU
		{2BB93469-A6C6-4967-82E1-9F17A010554B}.Release|Any CPU.Build.0 = Release|Any CPU
	EndGlobalSection
EndGlobal
