
Microsoft Visual Studio Solution File, Format Version 12.00
# Visual Studio Version 16
VisualStudioVersion = 16.0.30717.126
MinimumVisualStudioVersion = 10.0.40219.1
Project("{FAE04EC0-301F-11D3-BF4B-00C04F79EFBC}") = "systema-s4isleniya", "systema-s4isleniya\systema-s4isleniya.csproj", "{92CA76E0-B34B-4B04-917D-12020A1068FC}"
EndProject
Global
	GlobalSection(SolutionConfigurationPlatforms) = preSolution
		Debug|Any CPU = Debug|Any CPU
		Release|Any CPU = Release|Any CPU
	EndGlobalSection
	GlobalSection(ProjectConfigurationPlatforms) = postSolution
		{92CA76E0-B34B-4B04-917D-12020A1068FC}.Debug|Any CPU.ActiveCfg = Debug|Any CPU
		{92CA76E0-B34B-4B04-917D-12020A1068FC}.Debug|Any CPU.Build.0 = Debug|Any CPU
		{92CA76E0-B34B-4B04-917D-12020A1068FC}.Release|Any CPU.ActiveCfg = Release|Any CPU
		{92CA76E0-B34B-4B04-917D-12020A1068FC}.Release|Any CPU.Build.0 = Release|Any CPU
	EndGlobalSection
	GlobalSection(SolutionProperties) = preSolution
		HideSolutionNode = FALSE
	EndGlobalSection
	GlobalSection(ExtensibilityGlobals) = postSolution
		SolutionGuid = {E2E54981-54C7-423D-B8AE-CC9175580015}
	EndGlobalSection
EndGlobal
